// !$*UTF8*$!
{
	archiveVersion = 1;
	classes = {
	};
	objectVersion = 56;
	objects = {

/* Begin PBXBuildFile section */
		1E271B672934B1B4004B677B /* CardMoaApp.swift in Sources */ = {isa = PBXBuildFile; fileRef = 1E271B662934B1B4004B677B /* CardMoaApp.swift */; };
		1E271B692934B1B4004B677B /* MainTabView.swift in Sources */ = {isa = PBXBuildFile; fileRef = 1E271B682934B1B4004B677B /* MainTabView.swift */; };
		1E271B6B2934B1B6004B677B /* Assets.xcassets in Resources */ = {isa = PBXBuildFile; fileRef = 1E271B6A2934B1B6004B677B /* Assets.xcassets */; };
		1E271B6E2934B1B6004B677B /* Preview Assets.xcassets in Resources */ = {isa = PBXBuildFile; fileRef = 1E271B6D2934B1B6004B677B /* Preview Assets.xcassets */; };
		1E271B7B2934B273004B677B /* CardRecommendView.swift in Sources */ = {isa = PBXBuildFile; fileRef = 1E271B7A2934B273004B677B /* CardRecommendView.swift */; };
		1E271B7D2934B289004B677B /* BenefitSearchView.swift in Sources */ = {isa = PBXBuildFile; fileRef = 1E271B7C2934B289004B677B /* BenefitSearchView.swift */; };
		1E271B7F2934B294004B677B /* MapView.swift in Sources */ = {isa = PBXBuildFile; fileRef = 1E271B7E2934B294004B677B /* MapView.swift */; };
		1E271B812934B29D004B677B /* ProfileView.swift in Sources */ = {isa = PBXBuildFile; fileRef = 1E271B802934B29D004B677B /* ProfileView.swift */; };
		1E271B832934B2AB004B677B /* MyCardView.swift in Sources */ = {isa = PBXBuildFile; fileRef = 1E271B822934B2AB004B677B /* MyCardView.swift */; };
		1E271B8529358DC8004B677B /* ColorExtension.swift in Sources */ = {isa = PBXBuildFile; fileRef = 1E271B8429358DC8004B677B /* ColorExtension.swift */; };
		1E271B8729359301004B677B /* BenefitSearchInitialView.swift in Sources */ = {isa = PBXBuildFile; fileRef = 1E271B8629359301004B677B /* BenefitSearchInitialView.swift */; };
		1E271B892935931C004B677B /* NoCardResultView.swift in Sources */ = {isa = PBXBuildFile; fileRef = 1E271B882935931C004B677B /* NoCardResultView.swift */; };
		1E271B8B29359335004B677B /* CardResultView.swift in Sources */ = {isa = PBXBuildFile; fileRef = 1E271B8A29359335004B677B /* CardResultView.swift */; };
		1E271BA72938A41A004B677B /* AutoAlarmView.swift in Sources */ = {isa = PBXBuildFile; fileRef = 1E271BA62938A41A004B677B /* AutoAlarmView.swift */; };
		2371DDB529372900004173DC /* CardDetailView.swift in Sources */ = {isa = PBXBuildFile; fileRef = 2371DDB429372900004173DC /* CardDetailView.swift */; };
		2380ABA829372CE500B44324 /* CardDetailButtonView.swift in Sources */ = {isa = PBXBuildFile; fileRef = 2380ABA729372CE500B44324 /* CardDetailButtonView.swift */; };
		EA1939AD293886BA0073C854 /* DetailMainView.swift in Sources */ = {isa = PBXBuildFile; fileRef = EA1939AC293886BA0073C854 /* DetailMainView.swift */; };
		EA1939B0293887C70073C854 /* SegmentedPicker in Frameworks */ = {isa = PBXBuildFile; productRef = EA1939AF293887C70073C854 /* SegmentedPicker */; };
		EA3521FE29388A360054E4EB /* CardDetailBenefitView.swift in Sources */ = {isa = PBXBuildFile; fileRef = EA3521FD29388A360054E4EB /* CardDetailBenefitView.swift */; };
		EA35220029388A4F0054E4EB /* CardDetailHistoryView.swift in Sources */ = {isa = PBXBuildFile; fileRef = EA3521FF29388A4F0054E4EB /* CardDetailHistoryView.swift */; };
		EA35220329391B760054E4EB /* CollectionViewPagingLayout in Frameworks */ = {isa = PBXBuildFile; productRef = EA35220229391B760054E4EB /* CollectionViewPagingLayout */; };
		EA35220529391EC90054E4EB /* CardPagingView.swift in Sources */ = {isa = PBXBuildFile; fileRef = EA35220429391EC90054E4EB /* CardPagingView.swift */; };
		EA93557329358BD1008B12EC /* CardBackView.swift in Sources */ = {isa = PBXBuildFile; fileRef = EA93557229358BD1008B12EC /* CardBackView.swift */; };
		EA9355752935934B008B12EC /* CardFrontView.swift in Sources */ = {isa = PBXBuildFile; fileRef = EA9355742935934B008B12EC /* CardFrontView.swift */; };
		EA935577293596F7008B12EC /* Card.swift in Sources */ = {isa = PBXBuildFile; fileRef = EA935576293596F7008B12EC /* Card.swift */; };
		EA93557929359A4B008B12EC /* CardFlipView.swift in Sources */ = {isa = PBXBuildFile; fileRef = EA93557829359A4B008B12EC /* CardFlipView.swift */; };
		EA93557B2935A79B008B12EC /* ColorExtension.swift in Sources */ = {isa = PBXBuildFile; fileRef = EA93557A2935A79B008B12EC /* ColorExtension.swift */; };
		EA9355802935D500008B12EC /* ViewExtension.swift in Sources */ = {isa = PBXBuildFile; fileRef = EA93557F2935D500008B12EC /* ViewExtension.swift */; };
		EA9355842935D9A1008B12EC /* AddMyCardView.swift in Sources */ = {isa = PBXBuildFile; fileRef = EA9355832935D9A1008B12EC /* AddMyCardView.swift */; };
		EA9355862935EEB4008B12EC /* AddCardListView.swift in Sources */ = {isa = PBXBuildFile; fileRef = EA9355852935EEB4008B12EC /* AddCardListView.swift */; };
/* End PBXBuildFile section */

/* Begin PBXFileReference section */
		1E271B632934B1B4004B677B /* CardMoa.app */ = {isa = PBXFileReference; explicitFileType = wrapper.application; includeInIndex = 0; path = CardMoa.app; sourceTree = BUILT_PRODUCTS_DIR; };
		1E271B662934B1B4004B677B /* CardMoaApp.swift */ = {isa = PBXFileReference; lastKnownFileType = sourcecode.swift; path = CardMoaApp.swift; sourceTree = "<group>"; };
		1E271B682934B1B4004B677B /* MainTabView.swift */ = {isa = PBXFileReference; lastKnownFileType = sourcecode.swift; path = MainTabView.swift; sourceTree = "<group>"; };
		1E271B6A2934B1B6004B677B /* Assets.xcassets */ = {isa = PBXFileReference; lastKnownFileType = folder.assetcatalog; path = Assets.xcassets; sourceTree = "<group>"; };
		1E271B6D2934B1B6004B677B /* Preview Assets.xcassets */ = {isa = PBXFileReference; lastKnownFileType = folder.assetcatalog; path = "Preview Assets.xcassets"; sourceTree = "<group>"; };
		1E271B7A2934B273004B677B /* CardRecommendView.swift */ = {isa = PBXFileReference; lastKnownFileType = sourcecode.swift; path = CardRecommendView.swift; sourceTree = "<group>"; };
		1E271B7C2934B289004B677B /* BenefitSearchView.swift */ = {isa = PBXFileReference; lastKnownFileType = sourcecode.swift; path = BenefitSearchView.swift; sourceTree = "<group>"; };
		1E271B7E2934B294004B677B /* MapView.swift */ = {isa = PBXFileReference; lastKnownFileType = sourcecode.swift; path = MapView.swift; sourceTree = "<group>"; };
		1E271B802934B29D004B677B /* ProfileView.swift */ = {isa = PBXFileReference; lastKnownFileType = sourcecode.swift; path = ProfileView.swift; sourceTree = "<group>"; };
		1E271B822934B2AB004B677B /* MyCardView.swift */ = {isa = PBXFileReference; lastKnownFileType = sourcecode.swift; path = MyCardView.swift; sourceTree = "<group>"; };
		1E271B8429358DC8004B677B /* ColorExtension.swift */ = {isa = PBXFileReference; lastKnownFileType = sourcecode.swift; path = ColorExtension.swift; sourceTree = "<group>"; };
		1E271B8629359301004B677B /* BenefitSearchInitialView.swift */ = {isa = PBXFileReference; lastKnownFileType = sourcecode.swift; path = BenefitSearchInitialView.swift; sourceTree = "<group>"; };
		1E271B882935931C004B677B /* NoCardResultView.swift */ = {isa = PBXFileReference; lastKnownFileType = sourcecode.swift; path = NoCardResultView.swift; sourceTree = "<group>"; };
		1E271B8A29359335004B677B /* CardResultView.swift */ = {isa = PBXFileReference; lastKnownFileType = sourcecode.swift; path = CardResultView.swift; sourceTree = "<group>"; };
		1E271BA62938A41A004B677B /* AutoAlarmView.swift */ = {isa = PBXFileReference; fileEncoding = 4; lastKnownFileType = sourcecode.swift; name = AutoAlarmView.swift; path = CardMoa/MyCard/AutoAlarmView.swift; sourceTree = SOURCE_ROOT; };
		2371DDB429372900004173DC /* CardDetailView.swift */ = {isa = PBXFileReference; lastKnownFileType = sourcecode.swift; path = CardDetailView.swift; sourceTree = "<group>"; };
		2380ABA729372CE500B44324 /* CardDetailButtonView.swift */ = {isa = PBXFileReference; lastKnownFileType = sourcecode.swift; path = CardDetailButtonView.swift; sourceTree = "<group>"; };
		EA1939AC293886BA0073C854 /* DetailMainView.swift */ = {isa = PBXFileReference; lastKnownFileType = sourcecode.swift; path = DetailMainView.swift; sourceTree = "<group>"; };
		EA3521FD29388A360054E4EB /* CardDetailBenefitView.swift */ = {isa = PBXFileReference; lastKnownFileType = sourcecode.swift; path = CardDetailBenefitView.swift; sourceTree = "<group>"; };
		EA3521FF29388A4F0054E4EB /* CardDetailHistoryView.swift */ = {isa = PBXFileReference; lastKnownFileType = sourcecode.swift; path = CardDetailHistoryView.swift; sourceTree = "<group>"; };
		EA35220429391EC90054E4EB /* CardPagingView.swift */ = {isa = PBXFileReference; lastKnownFileType = sourcecode.swift; path = CardPagingView.swift; sourceTree = "<group>"; };
		EA93557229358BD1008B12EC /* CardBackView.swift */ = {isa = PBXFileReference; lastKnownFileType = sourcecode.swift; path = CardBackView.swift; sourceTree = "<group>"; };
		EA9355742935934B008B12EC /* CardFrontView.swift */ = {isa = PBXFileReference; lastKnownFileType = sourcecode.swift; path = CardFrontView.swift; sourceTree = "<group>"; };
		EA935576293596F7008B12EC /* Card.swift */ = {isa = PBXFileReference; lastKnownFileType = sourcecode.swift; path = Card.swift; sourceTree = "<group>"; };
		EA93557829359A4B008B12EC /* CardFlipView.swift */ = {isa = PBXFileReference; lastKnownFileType = sourcecode.swift; path = CardFlipView.swift; sourceTree = "<group>"; };
		EA93557A2935A79B008B12EC /* ColorExtension.swift */ = {isa = PBXFileReference; lastKnownFileType = sourcecode.swift; path = ColorExtension.swift; sourceTree = "<group>"; };
		EA93557F2935D500008B12EC /* ViewExtension.swift */ = {isa = PBXFileReference; lastKnownFileType = sourcecode.swift; path = ViewExtension.swift; sourceTree = "<group>"; };
		EA9355832935D9A1008B12EC /* AddMyCardView.swift */ = {isa = PBXFileReference; lastKnownFileType = sourcecode.swift; path = AddMyCardView.swift; sourceTree = "<group>"; };
		EA9355852935EEB4008B12EC /* AddCardListView.swift */ = {isa = PBXFileReference; lastKnownFileType = sourcecode.swift; path = AddCardListView.swift; sourceTree = "<group>"; };
/* End PBXFileReference section */

/* Begin PBXFrameworksBuildPhase section */
		1E271B602934B1B4004B677B /* Frameworks */ = {
			isa = PBXFrameworksBuildPhase;
			buildActionMask = 2147483647;
			files = (
				EA1939B0293887C70073C854 /* SegmentedPicker in Frameworks */,
				EA35220329391B760054E4EB /* CollectionViewPagingLayout in Frameworks */,
			);
			runOnlyForDeploymentPostprocessing = 0;
		};
/* End PBXFrameworksBuildPhase section */

/* Begin PBXGroup section */
		1E271B5A2934B1B4004B677B = {
			isa = PBXGroup;
			children = (
				1E271B652934B1B4004B677B /* CardMoa */,
				1E271B642934B1B4004B677B /* Products */,
			);
			sourceTree = "<group>";
		};
		1E271B642934B1B4004B677B /* Products */ = {
			isa = PBXGroup;
			children = (
				1E271B632934B1B4004B677B /* CardMoa.app */,
			);
			name = Products;
			sourceTree = "<group>";
		};
		1E271B652934B1B4004B677B /* CardMoa */ = {
			isa = PBXGroup;
			children = (
				1E271B6A2934B1B6004B677B /* Assets.xcassets */,
				EA93557A2935A79B008B12EC /* ColorExtension.swift */,
				EA93557F2935D500008B12EC /* ViewExtension.swift */,
				1E271B682934B1B4004B677B /* MainTabView.swift */,
				1E271B662934B1B4004B677B /* CardMoaApp.swift */,
				1E271B742934B206004B677B /* MyCard */,
				1E271B762934B21F004B677B /* CardRecommend */,
				1E271B772934B22E004B677B /* BenefitSearch */,
				1E271B782934B239004B677B /* Map */,
				1E271B6C2934B1B6004B677B /* Preview Content */,
				1E271B792934B23F004B677B /* Profile */,
				1E271B8429358DC8004B677B /* ColorExtension.swift */,
			);
			path = CardMoa;
			sourceTree = "<group>";
		};
		1E271B6C2934B1B6004B677B /* Preview Content */ = {
			isa = PBXGroup;
			children = (
				1E271B6D2934B1B6004B677B /* Preview Assets.xcassets */,
			);
			path = "Preview Content";
			sourceTree = "<group>";
		};
		1E271B742934B206004B677B /* MyCard */ = {
			isa = PBXGroup;
			children = (
				EA935576293596F7008B12EC /* Card.swift */,
				1E271B822934B2AB004B677B /* MyCardView.swift */,
				1E271BA62938A41A004B677B /* AutoAlarmView.swift */,
				EA352206293924610054E4EB /* Animation */,
				EA352207293924900054E4EB /* Detail */,
				EA352208293924DB0054E4EB /* AddCard */,
			);
			path = MyCard;
			sourceTree = "<group>";
		};
		1E271B762934B21F004B677B /* CardRecommend */ = {
			isa = PBXGroup;
			children = (
				1E271B7A2934B273004B677B /* CardRecommendView.swift */,
			);
			path = CardRecommend;
			sourceTree = "<group>";
		};
		1E271B772934B22E004B677B /* BenefitSearch */ = {
			isa = PBXGroup;
			children = (
				1E271B7C2934B289004B677B /* BenefitSearchView.swift */,
				1E271B8629359301004B677B /* BenefitSearchInitialView.swift */,
				1E271B882935931C004B677B /* NoCardResultView.swift */,
				1E271B8A29359335004B677B /* CardResultView.swift */,
			);
			path = BenefitSearch;
			sourceTree = "<group>";
		};
		1E271B782934B239004B677B /* Map */ = {
			isa = PBXGroup;
			children = (
				1E271B7E2934B294004B677B /* MapView.swift */,
			);
			path = Map;
			sourceTree = "<group>";
		};
		1E271B792934B23F004B677B /* Profile */ = {
			isa = PBXGroup;
			children = (
				1E271B802934B29D004B677B /* ProfileView.swift */,
			);
			path = Profile;
			sourceTree = "<group>";
		};
		EA352206293924610054E4EB /* Animation */ = {
			isa = PBXGroup;
			children = (
				EA35220429391EC90054E4EB /* CardPagingView.swift */,
				EA93557829359A4B008B12EC /* CardFlipView.swift */,
				EA9355742935934B008B12EC /* CardFrontView.swift */,
				EA93557229358BD1008B12EC /* CardBackView.swift */,
				2380ABA729372CE500B44324 /* CardDetailButtonView.swift */,
			);
			path = Animation;
			sourceTree = "<group>";
		};
		EA352207293924900054E4EB /* Detail */ = {
			isa = PBXGroup;
			children = (
				EA1939AC293886BA0073C854 /* DetailMainView.swift */,
				2371DDB429372900004173DC /* CardDetailView.swift */,
				EA3521FD29388A360054E4EB /* CardDetailBenefitView.swift */,
				EA3521FF29388A4F0054E4EB /* CardDetailHistoryView.swift */,
			);
			path = Detail;
			sourceTree = "<group>";
		};
		EA352208293924DB0054E4EB /* AddCard */ = {
			isa = PBXGroup;
			children = (
				EA9355832935D9A1008B12EC /* AddMyCardView.swift */,
				EA9355852935EEB4008B12EC /* AddCardListView.swift */,
			);
			path = AddCard;
			sourceTree = "<group>";
		};
/* End PBXGroup section */

/* Begin PBXNativeTarget section */
		1E271B622934B1B4004B677B /* CardMoa */ = {
			isa = PBXNativeTarget;
			buildConfigurationList = 1E271B712934B1B6004B677B /* Build configuration list for PBXNativeTarget "CardMoa" */;
			buildPhases = (
				1E271B5F2934B1B4004B677B /* Sources */,
				1E271B602934B1B4004B677B /* Frameworks */,
				1E271B612934B1B4004B677B /* Resources */,
			);
			buildRules = (
			);
			dependencies = (
			);
			name = CardMoa;
			packageProductDependencies = (
				EA1939AF293887C70073C854 /* SegmentedPicker */,
				EA35220229391B760054E4EB /* CollectionViewPagingLayout */,
			);
			productName = CardMoa;
			productReference = 1E271B632934B1B4004B677B /* CardMoa.app */;
			productType = "com.apple.product-type.application";
		};
/* End PBXNativeTarget section */

/* Begin PBXProject section */
		1E271B5B2934B1B4004B677B /* Project object */ = {
			isa = PBXProject;
			attributes = {
				BuildIndependentTargetsInParallel = 1;
				LastSwiftUpdateCheck = 1400;
				LastUpgradeCheck = 1400;
				TargetAttributes = {
					1E271B622934B1B4004B677B = {
						CreatedOnToolsVersion = 14.0;
					};
				};
			};
			buildConfigurationList = 1E271B5E2934B1B4004B677B /* Build configuration list for PBXProject "CardMoa" */;
			compatibilityVersion = "Xcode 14.0";
			developmentRegion = en;
			hasScannedForEncodings = 0;
			knownRegions = (
				en,
				Base,
			);
			mainGroup = 1E271B5A2934B1B4004B677B;
			packageReferences = (
				EA1939AE293887C70073C854 /* XCRemoteSwiftPackageReference "SwiftySegmentedPicker" */,
				EA35220129391B760054E4EB /* XCRemoteSwiftPackageReference "CollectionViewPagingLayout" */,
			);
			productRefGroup = 1E271B642934B1B4004B677B /* Products */;
			projectDirPath = "";
			projectRoot = "";
			targets = (
				1E271B622934B1B4004B677B /* CardMoa */,
			);
		};
/* End PBXProject section */

/* Begin PBXResourcesBuildPhase section */
		1E271B612934B1B4004B677B /* Resources */ = {
			isa = PBXResourcesBuildPhase;
			buildActionMask = 2147483647;
			files = (
				1E271B6E2934B1B6004B677B /* Preview Assets.xcassets in Resources */,
				1E271B6B2934B1B6004B677B /* Assets.xcassets in Resources */,
			);
			runOnlyForDeploymentPostprocessing = 0;
		};
/* End PBXResourcesBuildPhase section */

/* Begin PBXSourcesBuildPhase section */
		1E271B5F2934B1B4004B677B /* Sources */ = {
			isa = PBXSourcesBuildPhase;
			buildActionMask = 2147483647;
			files = (
				1E271B892935931C004B677B /* NoCardResultView.swift in Sources */,
				1E271B7D2934B289004B677B /* BenefitSearchView.swift in Sources */,
				1E271B692934B1B4004B677B /* MainTabView.swift in Sources */,
				EA3521FE29388A360054E4EB /* CardDetailBenefitView.swift in Sources */,
				EA9355862935EEB4008B12EC /* AddCardListView.swift in Sources */,
				EA9355842935D9A1008B12EC /* AddMyCardView.swift in Sources */,
				EA9355752935934B008B12EC /* CardFrontView.swift in Sources */,
				2371DDB529372900004173DC /* CardDetailView.swift in Sources */,
				EA93557B2935A79B008B12EC /* ColorExtension.swift in Sources */,
				1E271B7F2934B294004B677B /* MapView.swift in Sources */,
				EA93557329358BD1008B12EC /* CardBackView.swift in Sources */,
				1E271B8729359301004B677B /* BenefitSearchInitialView.swift in Sources */,
				2380ABA829372CE500B44324 /* CardDetailButtonView.swift in Sources */,
				1E271B7F2934B294004B677B /* MapView.swift in Sources */,
				EA35220529391EC90054E4EB /* CardPagingView.swift in Sources */,
				1E271B8529358DC8004B677B /* ColorExtension.swift in Sources */,
				EA35220029388A4F0054E4EB /* CardDetailHistoryView.swift in Sources */,
				1E271B7B2934B273004B677B /* CardRecommendView.swift in Sources */,
				1E271B8B29359335004B677B /* CardResultView.swift in Sources */,
				1E271B812934B29D004B677B /* ProfileView.swift in Sources */,
				EA1939AD293886BA0073C854 /* DetailMainView.swift in Sources */,
				1E271BA72938A41A004B677B /* AutoAlarmView.swift in Sources */,
				EA93557929359A4B008B12EC /* CardFlipView.swift in Sources */,
				EA935577293596F7008B12EC /* Card.swift in Sources */,
				EA9355802935D500008B12EC /* ViewExtension.swift in Sources */,
				1E271B672934B1B4004B677B /* CardMoaApp.swift in Sources */,
				1E271B832934B2AB004B677B /* MyCardView.swift in Sources */,
			);
			runOnlyForDeploymentPostprocessing = 0;
		};
/* End PBXSourcesBuildPhase section */

/* Begin XCBuildConfiguration section */
		1E271B6F2934B1B6004B677B /* Debug */ = {
			isa = XCBuildConfiguration;
			buildSettings = {
				ALWAYS_SEARCH_USER_PATHS = NO;
				CLANG_ANALYZER_NONNULL = YES;
				CLANG_ANALYZER_NUMBER_OBJECT_CONVERSION = YES_AGGRESSIVE;
				CLANG_CXX_LANGUAGE_STANDARD = "gnu++20";
				CLANG_ENABLE_MODULES = YES;
				CLANG_ENABLE_OBJC_ARC = YES;
				CLANG_ENABLE_OBJC_WEAK = YES;
				CLANG_WARN_BLOCK_CAPTURE_AUTORELEASING = YES;
				CLANG_WARN_BOOL_CONVERSION = YES;
				CLANG_WARN_COMMA = YES;
				CLANG_WARN_CONSTANT_CONVERSION = YES;
				CLANG_WARN_DEPRECATED_OBJC_IMPLEMENTATIONS = YES;
				CLANG_WARN_DIRECT_OBJC_ISA_USAGE = YES_ERROR;
				CLANG_WARN_DOCUMENTATION_COMMENTS = YES;
				CLANG_WARN_EMPTY_BODY = YES;
				CLANG_WARN_ENUM_CONVERSION = YES;
				CLANG_WARN_INFINITE_RECURSION = YES;
				CLANG_WARN_INT_CONVERSION = YES;
				CLANG_WARN_NON_LITERAL_NULL_CONVERSION = YES;
				CLANG_WARN_OBJC_IMPLICIT_RETAIN_SELF = YES;
				CLANG_WARN_OBJC_LITERAL_CONVERSION = YES;
				CLANG_WARN_OBJC_ROOT_CLASS = YES_ERROR;
				CLANG_WARN_QUOTED_INCLUDE_IN_FRAMEWORK_HEADER = YES;
				CLANG_WARN_RANGE_LOOP_ANALYSIS = YES;
				CLANG_WARN_STRICT_PROTOTYPES = YES;
				CLANG_WARN_SUSPICIOUS_MOVE = YES;
				CLANG_WARN_UNGUARDED_AVAILABILITY = YES_AGGRESSIVE;
				CLANG_WARN_UNREACHABLE_CODE = YES;
				CLANG_WARN__DUPLICATE_METHOD_MATCH = YES;
				COPY_PHASE_STRIP = NO;
				DEBUG_INFORMATION_FORMAT = dwarf;
				ENABLE_STRICT_OBJC_MSGSEND = YES;
				ENABLE_TESTABILITY = YES;
				GCC_C_LANGUAGE_STANDARD = gnu11;
				GCC_DYNAMIC_NO_PIC = NO;
				GCC_NO_COMMON_BLOCKS = YES;
				GCC_OPTIMIZATION_LEVEL = 0;
				GCC_PREPROCESSOR_DEFINITIONS = (
					"DEBUG=1",
					"$(inherited)",
				);
				GCC_WARN_64_TO_32_BIT_CONVERSION = YES;
				GCC_WARN_ABOUT_RETURN_TYPE = YES_ERROR;
				GCC_WARN_UNDECLARED_SELECTOR = YES;
				GCC_WARN_UNINITIALIZED_AUTOS = YES_AGGRESSIVE;
				GCC_WARN_UNUSED_FUNCTION = YES;
				GCC_WARN_UNUSED_VARIABLE = YES;
				IPHONEOS_DEPLOYMENT_TARGET = 16.0;
				MTL_ENABLE_DEBUG_INFO = INCLUDE_SOURCE;
				MTL_FAST_MATH = YES;
				ONLY_ACTIVE_ARCH = YES;
				SDKROOT = iphoneos;
				SWIFT_ACTIVE_COMPILATION_CONDITIONS = DEBUG;
				SWIFT_OPTIMIZATION_LEVEL = "-Onone";
			};
			name = Debug;
		};
		1E271B702934B1B6004B677B /* Release */ = {
			isa = XCBuildConfiguration;
			buildSettings = {
				ALWAYS_SEARCH_USER_PATHS = NO;
				CLANG_ANALYZER_NONNULL = YES;
				CLANG_ANALYZER_NUMBER_OBJECT_CONVERSION = YES_AGGRESSIVE;
				CLANG_CXX_LANGUAGE_STANDARD = "gnu++20";
				CLANG_ENABLE_MODULES = YES;
				CLANG_ENABLE_OBJC_ARC = YES;
				CLANG_ENABLE_OBJC_WEAK = YES;
				CLANG_WARN_BLOCK_CAPTURE_AUTORELEASING = YES;
				CLANG_WARN_BOOL_CONVERSION = YES;
				CLANG_WARN_COMMA = YES;
				CLANG_WARN_CONSTANT_CONVERSION = YES;
				CLANG_WARN_DEPRECATED_OBJC_IMPLEMENTATIONS = YES;
				CLANG_WARN_DIRECT_OBJC_ISA_USAGE = YES_ERROR;
				CLANG_WARN_DOCUMENTATION_COMMENTS = YES;
				CLANG_WARN_EMPTY_BODY = YES;
				CLANG_WARN_ENUM_CONVERSION = YES;
				CLANG_WARN_INFINITE_RECURSION = YES;
				CLANG_WARN_INT_CONVERSION = YES;
				CLANG_WARN_NON_LITERAL_NULL_CONVERSION = YES;
				CLANG_WARN_OBJC_IMPLICIT_RETAIN_SELF = YES;
				CLANG_WARN_OBJC_LITERAL_CONVERSION = YES;
				CLANG_WARN_OBJC_ROOT_CLASS = YES_ERROR;
				CLANG_WARN_QUOTED_INCLUDE_IN_FRAMEWORK_HEADER = YES;
				CLANG_WARN_RANGE_LOOP_ANALYSIS = YES;
				CLANG_WARN_STRICT_PROTOTYPES = YES;
				CLANG_WARN_SUSPICIOUS_MOVE = YES;
				CLANG_WARN_UNGUARDED_AVAILABILITY = YES_AGGRESSIVE;
				CLANG_WARN_UNREACHABLE_CODE = YES;
				CLANG_WARN__DUPLICATE_METHOD_MATCH = YES;
				COPY_PHASE_STRIP = NO;
				DEBUG_INFORMATION_FORMAT = "dwarf-with-dsym";
				ENABLE_NS_ASSERTIONS = NO;
				ENABLE_STRICT_OBJC_MSGSEND = YES;
				GCC_C_LANGUAGE_STANDARD = gnu11;
				GCC_NO_COMMON_BLOCKS = YES;
				GCC_WARN_64_TO_32_BIT_CONVERSION = YES;
				GCC_WARN_ABOUT_RETURN_TYPE = YES_ERROR;
				GCC_WARN_UNDECLARED_SELECTOR = YES;
				GCC_WARN_UNINITIALIZED_AUTOS = YES_AGGRESSIVE;
				GCC_WARN_UNUSED_FUNCTION = YES;
				GCC_WARN_UNUSED_VARIABLE = YES;
				IPHONEOS_DEPLOYMENT_TARGET = 16.0;
				MTL_ENABLE_DEBUG_INFO = NO;
				MTL_FAST_MATH = YES;
				SDKROOT = iphoneos;
				SWIFT_COMPILATION_MODE = wholemodule;
				SWIFT_OPTIMIZATION_LEVEL = "-O";
				VALIDATE_PRODUCT = YES;
			};
			name = Release;
		};
		1E271B722934B1B6004B677B /* Debug */ = {
			isa = XCBuildConfiguration;
			buildSettings = {
				ASSETCATALOG_COMPILER_APPICON_NAME = AppIcon;
				ASSETCATALOG_COMPILER_GLOBAL_ACCENT_COLOR_NAME = AccentColor;
				CODE_SIGN_STYLE = Automatic;
				CURRENT_PROJECT_VERSION = 1;
				DEVELOPMENT_ASSET_PATHS = "\"CardMoa/Preview Content\"";
				DEVELOPMENT_TEAM = 4RG9LBF3XF;
				ENABLE_PREVIEWS = YES;
				GENERATE_INFOPLIST_FILE = YES;
				INFOPLIST_KEY_UIApplicationSceneManifest_Generation = YES;
				INFOPLIST_KEY_UIApplicationSupportsIndirectInputEvents = YES;
				INFOPLIST_KEY_UILaunchScreen_Generation = YES;
				INFOPLIST_KEY_UISupportedInterfaceOrientations_iPad = "UIInterfaceOrientationPortrait UIInterfaceOrientationPortraitUpsideDown UIInterfaceOrientationLandscapeLeft UIInterfaceOrientationLandscapeRight";
				INFOPLIST_KEY_UISupportedInterfaceOrientations_iPhone = "UIInterfaceOrientationPortrait UIInterfaceOrientationLandscapeLeft UIInterfaceOrientationLandscapeRight";
				LD_RUNPATH_SEARCH_PATHS = (
					"$(inherited)",
					"@executable_path/Frameworks",
				);
				MARKETING_VERSION = 1.0;
				PRODUCT_BUNDLE_IDENTIFIER = jina.CardMoa;
				PRODUCT_NAME = "$(TARGET_NAME)";
				SWIFT_EMIT_LOC_STRINGS = YES;
				SWIFT_VERSION = 5.0;
				TARGETED_DEVICE_FAMILY = "1,2";
			};
			name = Debug;
		};
		1E271B732934B1B6004B677B /* Release */ = {
			isa = XCBuildConfiguration;
			buildSettings = {
				ASSETCATALOG_COMPILER_APPICON_NAME = AppIcon;
				ASSETCATALOG_COMPILER_GLOBAL_ACCENT_COLOR_NAME = AccentColor;
				CODE_SIGN_STYLE = Automatic;
				CURRENT_PROJECT_VERSION = 1;
				DEVELOPMENT_ASSET_PATHS = "\"CardMoa/Preview Content\"";
				DEVELOPMENT_TEAM = 4RG9LBF3XF;
				ENABLE_PREVIEWS = YES;
				GENERATE_INFOPLIST_FILE = YES;
				INFOPLIST_KEY_UIApplicationSceneManifest_Generation = YES;
				INFOPLIST_KEY_UIApplicationSupportsIndirectInputEvents = YES;
				INFOPLIST_KEY_UILaunchScreen_Generation = YES;
				INFOPLIST_KEY_UISupportedInterfaceOrientations_iPad = "UIInterfaceOrientationPortrait UIInterfaceOrientationPortraitUpsideDown UIInterfaceOrientationLandscapeLeft UIInterfaceOrientationLandscapeRight";
				INFOPLIST_KEY_UISupportedInterfaceOrientations_iPhone = "UIInterfaceOrientationPortrait UIInterfaceOrientationLandscapeLeft UIInterfaceOrientationLandscapeRight";
				LD_RUNPATH_SEARCH_PATHS = (
					"$(inherited)",
					"@executable_path/Frameworks",
				);
				MARKETING_VERSION = 1.0;
				PRODUCT_BUNDLE_IDENTIFIER = jina.CardMoa;
				PRODUCT_NAME = "$(TARGET_NAME)";
				SWIFT_EMIT_LOC_STRINGS = YES;
				SWIFT_VERSION = 5.0;
				TARGETED_DEVICE_FAMILY = "1,2";
			};
			name = Release;
		};
/* End XCBuildConfiguration section */

/* Begin XCConfigurationList section */
		1E271B5E2934B1B4004B677B /* Build configuration list for PBXProject "CardMoa" */ = {
			isa = XCConfigurationList;
			buildConfigurations = (
				1E271B6F2934B1B6004B677B /* Debug */,
				1E271B702934B1B6004B677B /* Release */,
			);
			defaultConfigurationIsVisible = 0;
			defaultConfigurationName = Release;
		};
		1E271B712934B1B6004B677B /* Build configuration list for PBXNativeTarget "CardMoa" */ = {
			isa = XCConfigurationList;
			buildConfigurations = (
				1E271B722934B1B6004B677B /* Debug */,
				1E271B732934B1B6004B677B /* Release */,
			);
			defaultConfigurationIsVisible = 0;
			defaultConfigurationName = Release;
		};
/* End XCConfigurationList section */

/* Begin XCRemoteSwiftPackageReference section */
		EA1939AE293887C70073C854 /* XCRemoteSwiftPackageReference "SwiftySegmentedPicker" */ = {
			isa = XCRemoteSwiftPackageReference;
			repositoryURL = "https://github.com/KazaiMazai/SwiftySegmentedPicker.git";
			requirement = {
				kind = upToNextMajorVersion;
				minimumVersion = 0.0.2;
			};
		};
		EA35220129391B760054E4EB /* XCRemoteSwiftPackageReference "CollectionViewPagingLayout" */ = {
			isa = XCRemoteSwiftPackageReference;
			repositoryURL = "https://github.com/amirdew/CollectionViewPagingLayout";
			requirement = {
				kind = upToNextMajorVersion;
				minimumVersion = 1.0.0;
			};
		};
/* End XCRemoteSwiftPackageReference section */

/* Begin XCSwiftPackageProductDependency section */
		EA1939AF293887C70073C854 /* SegmentedPicker */ = {
			isa = XCSwiftPackageProductDependency;
			package = EA1939AE293887C70073C854 /* XCRemoteSwiftPackageReference "SwiftySegmentedPicker" */;
			productName = SegmentedPicker;
		};
		EA35220229391B760054E4EB /* CollectionViewPagingLayout */ = {
			isa = XCSwiftPackageProductDependency;
			package = EA35220129391B760054E4EB /* XCRemoteSwiftPackageReference "CollectionViewPagingLayout" */;
			productName = CollectionViewPagingLayout;
		};
/* End XCSwiftPackageProductDependency section */
	};
	rootObject = 1E271B5B2934B1B4004B677B /* Project object */;
}
