{
  "pins" : [
    {
      "identity" : "collectionviewpaginglayout",
      "kind" : "remoteSourceControl",
      "location" : "https://github.com/amirdew/CollectionViewPagingLayout",
      "state" : {
        "revision" : "4bdec327535470c8d9765d190625b13e99b87db5",
        "version" : "1.1.0"
      }
    },
    {
      "identity" : "swiftysegmentedpicker",
      "kind" : "remoteSourceControl",
      "location" : "https://github.com/KazaiMazai/SwiftySegmentedPicker.git",
      "state" : {
        "revision" : "c3c63962939c161aeef1bcef40ee97bd57eca943",
        "version" : "0.0.2"
      }
    }
  ],
  "version" : 2
}
